
Microsoft Visual Studio Solution File, Format Version 12.00
# Visual Studio Version 17
VisualStudioVersion = 17.0.31903.59
MinimumVisualStudioVersion = 10.0.40219.1
Project("{2150E333-8FDC-42A3-9474-1A3956D46DE8}") = "src", "src", "{8B0B165A-9A8E-47A0-948A-29F38FA572DA}"
EndProject
Project("{2150E333-8FDC-42A3-9474-1A3956D46DE8}") = "backend", "backend", "{A15E1211-430E-4AA9-84AF-7C398C4049FB}"
EndProject
Project("{FAE04EC0-301F-11D3-BF4B-00C04F79EFBC}") = "Eventool.Domain", "src\backend\Eventool.Domain\Eventool.Domain.csproj", "{1D2E2215-8C10-42D0-A9F8-CF4D4DBFA7BC}"
EndProject
Project("{FAE04EC0-301F-11D3-BF4B-00C04F79EFBC}") = "Eventool.Infrastructure", "src\backend\Eventool.Infrastructure\Eventool.Infrastructure.csproj", "{51523989-A72C-4A23-8A09-E7A0C13BE34A}"
EndProject
Project("{FAE04EC0-301F-11D3-BF4B-00C04F79EFBC}") = "Eventool.Api", "src\backend\Eventool.Api\Eventool.Api.csproj", "{13D2E963-FD0B-45F5-8F49-840162F22BB9}"
EndProject
Project("{2150E333-8FDC-42A3-9474-1A3956D46DE8}") = "tests", "tests", "{4CD3A581-8BC9-4077-80B3-F5D8BF738C2C}"
EndProject
Project("{FAE04EC0-301F-11D3-BF4B-00C04F79EFBC}") = "Eventool.UnitTests", "src\backend\tests\Eventool.UnitTests\Eventool.UnitTests.csproj", "{22074DC6-E1D4-4E4A-BC41-6035C2FCB3F3}"
EndProject
Project("{FAE04EC0-301F-11D3-BF4B-00C04F79EFBC}") = "Eventool.Application", "src\backend\Eventool.Application\Eventool.Application.csproj", "{D01AD972-4B25-4193-A37A-BCED92E98AC6}"
EndProject
Global
	GlobalSection(SolutionConfigurationPlatforms) = preSolution
		Debug|Any CPU = Debug|Any CPU
		Release|Any CPU = Release|Any CPU
	EndGlobalSection
	GlobalSection(SolutionProperties) = preSolution
		HideSolutionNode = FALSE
	EndGlobalSection
	GlobalSection(ProjectConfigurationPlatforms) = postSolution
		{1D2E2215-8C10-42D0-A9F8-CF4D4DBFA7BC}.Debug|Any CPU.ActiveCfg = Debug|Any CPU
		{1D2E2215-8C10-42D0-A9F8-CF4D4DBFA7BC}.Debug|Any CPU.Build.0 = Debug|Any CPU
		{1D2E2215-8C10-42D0-A9F8-CF4D4DBFA7BC}.Release|Any CPU.ActiveCfg = Release|Any CPU
		{1D2E2215-8C10-42D0-A9F8-CF4D4DBFA7BC}.Release|Any CPU.Build.0 = Release|Any CPU
		{51523989-A72C-4A23-8A09-E7A0C13BE34A}.Debug|Any CPU.ActiveCfg = Debug|Any CPU
		{51523989-A72C-4A23-8A09-E7A0C13BE34A}.Debug|Any CPU.Build.0 = Debug|Any CPU
		{51523989-A72C-4A23-8A09-E7A0C13BE34A}.Release|Any CPU.ActiveCfg = Release|Any CPU
		{51523989-A72C-4A23-8A09-E7A0C13BE34A}.Release|Any CPU.Build.0 = Release|Any CPU
		{13D2E963-FD0B-45F5-8F49-840162F22BB9}.Debug|Any CPU.ActiveCfg = Debug|Any CPU
		{13D2E963-FD0B-45F5-8F49-840162F22BB9}.Debug|Any CPU.Build.0 = Debug|Any CPU
		{13D2E963-FD0B-45F5-8F49-840162F22BB9}.Release|Any CPU.ActiveCfg = Release|Any CPU
		{13D2E963-FD0B-45F5-8F49-840162F22BB9}.Release|Any CPU.Build.0 = Release|Any CPU
		{22074DC6-E1D4-4E4A-BC41-6035C2FCB3F3}.Debug|Any CPU.ActiveCfg = Debug|Any CPU
		{22074DC6-E1D4-4E4A-BC41-6035C2FCB3F3}.Debug|Any CPU.Build.0 = Debug|Any CPU
		{22074DC6-E1D4-4E4A-BC41-6035C2FCB3F3}.Release|Any CPU.ActiveCfg = Release|Any CPU
		{22074DC6-E1D4-4E4A-BC41-6035C2FCB3F3}.Release|Any CPU.Build.0 = Release|Any CPU
		{D01AD972-4B25-4193-A37A-BCED92E98AC6}.Debug|Any CPU.ActiveCfg = Debug|Any CPU
		{D01AD972-4B25-4193-A37A-BCED92E98AC6}.Debug|Any CPU.Build.0 = Debug|Any CPU
		{D01AD972-4B25-4193-A37A-BCED92E98AC6}.Release|Any CPU.ActiveCfg = Release|Any CPU
		{D01AD972-4B25-4193-A37A-BCED92E98AC6}.Release|Any CPU.Build.0 = Release|Any CPU
	EndGlobalSection
	GlobalSection(NestedProjects) = preSolution
		{A15E1211-430E-4AA9-84AF-7C398C4049FB} = {8B0B165A-9A8E-47A0-948A-29F38FA572DA}
		{1D2E2215-8C10-42D0-A9F8-CF4D4DBFA7BC} = {A15E1211-430E-4AA9-84AF-7C398C4049FB}
		{51523989-A72C-4A23-8A09-E7A0C13BE34A} = {A15E1211-430E-4AA9-84AF-7C398C4049FB}
		{13D2E963-FD0B-45F5-8F49-840162F22BB9} = {A15E1211-430E-4AA9-84AF-7C398C4049FB}
		{4CD3A581-8BC9-4077-80B3-F5D8BF738C2C} = {A15E1211-430E-4AA9-84AF-7C398C4049FB}
		{22074DC6-E1D4-4E4A-BC41-6035C2FCB3F3} = {4CD3A581-8BC9-4077-80B3-F5D8BF738C2C}
		{D01AD972-4B25-4193-A37A-BCED92E98AC6} = {A15E1211-430E-4AA9-84AF-7C398C4049FB}
	EndGlobalSection
EndGlobal
